
Microsoft Visual Studio Solution File, Format Version 12.00
# Visual Studio 14
VisualStudioVersion = 14.0.25420.1
MinimumVisualStudioVersion = 10.0.40219.1
Project("{2150E333-8FDC-42A3-9474-1A3956D46DE8}") = "01Infrastructure", "01Infrastructure", "{E50BEB64-5C1E-4D3E-B395-332A0A2F1BCA}"
EndProject
Project("{2150E333-8FDC-42A3-9474-1A3956D46DE8}") = "02Repository", "02Repository", "{E0099B62-4C7C-45D3-81F3-4A4D5356389B}"
EndProject
Project("{2150E333-8FDC-42A3-9474-1A3956D46DE8}") = "03Service", "03Service", "{797FF0A2-5E7B-4BEC-B27E-C2AE7A1D3753}"
EndProject
Project("{2150E333-8FDC-42A3-9474-1A3956D46DE8}") = "04UI", "04UI", "{E523F3EC-6FF7-46FE-8446-6426EB50D3F6}"
EndProject
Project("{2150E333-8FDC-42A3-9474-1A3956D46DE8}") = "05Test", "05Test", "{9E41769C-6B6E-470A-894C-07B7F683D58B}"
EndProject
Project("{FAE04EC0-301F-11D3-BF4B-00C04F79EFBC}") = "Test1", "Test1\Test1.csproj", "{4616DB1F-5101-4040-B5BF-04060E8CC384}"
EndProject
Project("{FAE04EC0-301F-11D3-BF4B-00C04F79EFBC}") = "Apps.Models", "Apps.Models\Apps.Models.csproj", "{05B8D312-C663-4D4A-8950-E7FBB86FC317}"
EndProject
Project("{FAE04EC0-301F-11D3-BF4B-00C04F79EFBC}") = "Apps.Common", "Apps.Common\Apps.Common.csproj", "{144D390E-F1AF-4EE2-B932-BEB1A5D0B019}"
EndProject
Project("{FAE04EC0-301F-11D3-BF4B-00C04F79EFBC}") = "Apps.IRepository", "Apps.IRepository\Apps.IRepository.csproj", "{197D658F-95A1-4EE6-8E55-5C82C3718957}"
EndProject
Project("{FAE04EC0-301F-11D3-BF4B-00C04F79EFBC}") = "Apps.Repository", "Apps.Repository\Apps.Repository.csproj", "{CC507675-4242-4E1F-B901-B57CEED45633}"
EndProject
Project("{FAE04EC0-301F-11D3-BF4B-00C04F79EFBC}") = "Apps.IService", "Apps.IService\Apps.IService.csproj", "{A90DF1AD-E947-4FEE-AAB6-FF96A25EFA3D}"
EndProject
Project("{FAE04EC0-301F-11D3-BF4B-00C04F79EFBC}") = "Apps.Service", "Apps.Service\Apps.Service.csproj", "{0A14974A-B91C-4532-AEF5-CD765F353D47}"
EndProject
Project("{FAE04EC0-301F-11D3-BF4B-00C04F79EFBC}") = "Apps.Locale", "Apps.Locale\Apps.Locale.csproj", "{370FA025-2A09-4A3C-BEB8-6DFDDFA7F22C}"
EndProject
Project("{FAE04EC0-301F-11D3-BF4B-00C04F79EFBC}") = "Apps.Web", "Apps.Web\Apps.Web.csproj", "{05FF44BC-59E3-48C9-99FF-90F4FCB5D2EE}"
EndProject
Project("{FAE04EC0-301F-11D3-BF4B-00C04F79EFBC}") = "Apps.Core", "Apps.Core\Apps.Core.csproj", "{2438F80F-FAAE-4350-AB3D-01DB26E20692}"
EndProject
Project("{FAE04EC0-301F-11D3-BF4B-00C04F79EFBC}") = "Test2", "Test2\Test2.csproj", "{A6778784-CD5C-43A5-BFDF-2D2ACFF38901}"
EndProject
Project("{FAE04EC0-301F-11D3-BF4B-00C04F79EFBC}") = "WindowsService1", "WindowsService1\WindowsService1.csproj", "{641E46F3-1C17-4DD9-A0A6-920FEC86F8F0}"
EndProject
Project("{FAE04EC0-301F-11D3-BF4B-00C04F79EFBC}") = "kdcx", "kdcx\kdcx.csproj", "{65C64F3D-1C63-4B05-977C-1FE4DCFAC686}"
EndProject
Project("{FAE04EC0-301F-11D3-BF4B-00C04F79EFBC}") = "Apps.WebApi", "Apps.WebApi\Apps.WebApi.csproj", "{1C9D5650-920C-4565-9336-B9CEE7EE7484}"
EndProject
Project("{FAE04EC0-301F-11D3-BF4B-00C04F79EFBC}") = "Test3", "Test3\Test3.csproj", "{4F3977F4-E6E0-45A3-B08E-CC1269918310}"
EndProject
Project("{FAE04EC0-301F-11D3-BF4B-00C04F79EFBC}") = "Test4", "Test4\Test4.csproj", "{56C80F6F-DE45-4158-B3B9-F5BC35653B3F}"
EndProject
Project("{2150E333-8FDC-42A3-9474-1A3956D46DE8}") = "QiMen", "QiMen", "{6AAE8E91-1E6B-4968-8585-8E541FA3101B}"
EndProject
Project("{FAE04EC0-301F-11D3-BF4B-00C04F79EFBC}") = "TopSdk", "Top.Api\TopSdk.csproj", "{9C11CAE5-5188-4E71-825B-68FC3135728A}"
EndProject
Project("{FAE04EC0-301F-11D3-BF4B-00C04F79EFBC}") = "QiMenApi", "QiMenApi\QiMenApi.csproj", "{4A421F7B-05F3-4437-A306-B5371ED5D942}"
EndProject
Project("{FAE04EC0-301F-11D3-BF4B-00C04F79EFBC}") = "Test5", "Test5\Test5.csproj", "{B488BD1E-37C5-4F4C-8995-F5EE1BF25FED}"
EndProject
Project("{FAE04EC0-301F-11D3-BF4B-00C04F79EFBC}") = "QiMenClient", "QiMenClient\QiMenClient.csproj", "{58F4447A-FB3C-4253-A6F0-C1752FA3C047}"
EndProject
Project("{FAE04EC0-301F-11D3-BF4B-00C04F79EFBC}") = "EnumTest", "EnumTest\EnumTest.csproj", "{D5FFA20F-497B-4268-BC4A-22C703EFA59A}"
EndProject
Project("{2150E333-8FDC-42A3-9474-1A3956D46DE8}") = "QuartzWindowsService", "QuartzWindowsService", "{87642426-ADA6-4AE8-88BC-D60AF6B9BB08}"
EndProject
Project("{FAE04EC0-301F-11D3-BF4B-00C04F79EFBC}") = "QuartzNetTest", "QuartzNetTest\QuartzNetTest.csproj", "{77DBE443-4B7A-4195-83A4-7D79E42F621E}"
EndProject
Project("{FAE04EC0-301F-11D3-BF4B-00C04F79EFBC}") = "QiMenPush.Jobs", "QiMenPush.Jobs\QiMenPush.Jobs.csproj", "{435A1B56-27C0-4986-A14E-68A96BA52418}"
EndProject
Project("{FAE04EC0-301F-11D3-BF4B-00C04F79EFBC}") = "QiMenPush.Runner", "QiMenPush.Runner\QiMenPush.Runner.csproj", "{C49F70A5-72FA-4985-91DE-9C0D37C8902D}"
EndProject
Project("{FAE04EC0-301F-11D3-BF4B-00C04F79EFBC}") = "QiMenPush.Service", "QiMenPush.Service\QiMenPush.Service.csproj", "{3DC375CF-C921-44EA-BE87-4E66180BE37D}"
EndProject
Project("{2150E333-8FDC-42A3-9474-1A3956D46DE8}") = "Log4Net", "Log4Net", "{ABD7D263-99BE-43B2-BB10-44BD64962240}"
EndProject
Project("{FAE04EC0-301F-11D3-BF4B-00C04F79EFBC}") = "log4net.Ext", "log4net.Ext\log4net.Ext.csproj", "{28D7D061-7FFD-4F1A-8E36-3738BEF65ABC}"
EndProject
Project("{FAE04EC0-301F-11D3-BF4B-00C04F79EFBC}") = "CustomHttpClient", "CustomHttpClient\CustomHttpClient.csproj", "{C929C337-2DEA-48EC-A92D-E85E7E55D642}"
EndProject
Project("{FAE04EC0-301F-11D3-BF4B-00C04F79EFBC}") = "QiMenPush.ClienTest", "QiMenPush.ClienTest\QiMenPush.ClienTest.csproj", "{218CBA00-4983-4884-A6EF-1D1E9BD7548E}"
EndProject
Global
	GlobalSection(SolutionConfigurationPlatforms) = preSolution
		Debug|Any CPU = Debug|Any CPU
		Release|Any CPU = Release|Any CPU
	EndGlobalSection
	GlobalSection(ProjectConfigurationPlatforms) = postSolution
		{4616DB1F-5101-4040-B5BF-04060E8CC384}.Debug|Any CPU.ActiveCfg = Debug|Any CPU
		{4616DB1F-5101-4040-B5BF-04060E8CC384}.Release|Any CPU.ActiveCfg = Release|Any CPU
		{4616DB1F-5101-4040-B5BF-04060E8CC384}.Release|Any CPU.Build.0 = Release|Any CPU
		{05B8D312-C663-4D4A-8950-E7FBB86FC317}.Debug|Any CPU.ActiveCfg = Debug|Any CPU
		{05B8D312-C663-4D4A-8950-E7FBB86FC317}.Debug|Any CPU.Build.0 = Debug|Any CPU
		{05B8D312-C663-4D4A-8950-E7FBB86FC317}.Release|Any CPU.ActiveCfg = Release|Any CPU
		{05B8D312-C663-4D4A-8950-E7FBB86FC317}.Release|Any CPU.Build.0 = Release|Any CPU
		{144D390E-F1AF-4EE2-B932-BEB1A5D0B019}.Debug|Any CPU.ActiveCfg = Debug|Any CPU
		{144D390E-F1AF-4EE2-B932-BEB1A5D0B019}.Debug|Any CPU.Build.0 = Debug|Any CPU
		{144D390E-F1AF-4EE2-B932-BEB1A5D0B019}.Release|Any CPU.ActiveCfg = Release|Any CPU
		{144D390E-F1AF-4EE2-B932-BEB1A5D0B019}.Release|Any CPU.Build.0 = Release|Any CPU
		{197D658F-95A1-4EE6-8E55-5C82C3718957}.Debug|Any CPU.ActiveCfg = Debug|Any CPU
		{197D658F-95A1-4EE6-8E55-5C82C3718957}.Debug|Any CPU.Build.0 = Debug|Any CPU
		{197D658F-95A1-4EE6-8E55-5C82C3718957}.Release|Any CPU.ActiveCfg = Release|Any CPU
		{197D658F-95A1-4EE6-8E55-5C82C3718957}.Release|Any CPU.Build.0 = Release|Any CPU
		{CC507675-4242-4E1F-B901-B57CEED45633}.Debug|Any CPU.ActiveCfg = Debug|Any CPU
		{CC507675-4242-4E1F-B901-B57CEED45633}.Debug|Any CPU.Build.0 = Debug|Any CPU
		{CC507675-4242-4E1F-B901-B57CEED45633}.Release|Any CPU.ActiveCfg = Release|Any CPU
		{CC507675-4242-4E1F-B901-B57CEED45633}.Release|Any CPU.Build.0 = Release|Any CPU
		{A90DF1AD-E947-4FEE-AAB6-FF96A25EFA3D}.Debug|Any CPU.ActiveCfg = Debug|Any CPU
		{A90DF1AD-E947-4FEE-AAB6-FF96A25EFA3D}.Debug|Any CPU.Build.0 = Debug|Any CPU
		{A90DF1AD-E947-4FEE-AAB6-FF96A25EFA3D}.Release|Any CPU.ActiveCfg = Release|Any CPU
		{A90DF1AD-E947-4FEE-AAB6-FF96A25EFA3D}.Release|Any CPU.Build.0 = Release|Any CPU
		{0A14974A-B91C-4532-AEF5-CD765F353D47}.Debug|Any CPU.ActiveCfg = Debug|Any CPU
		{0A14974A-B91C-4532-AEF5-CD765F353D47}.Debug|Any CPU.Build.0 = Debug|Any CPU
		{0A14974A-B91C-4532-AEF5-CD765F353D47}.Release|Any CPU.ActiveCfg = Release|Any CPU
		{0A14974A-B91C-4532-AEF5-CD765F353D47}.Release|Any CPU.Build.0 = Release|Any CPU
		{370FA025-2A09-4A3C-BEB8-6DFDDFA7F22C}.Debug|Any CPU.ActiveCfg = Debug|Any CPU
		{370FA025-2A09-4A3C-BEB8-6DFDDFA7F22C}.Debug|Any CPU.Build.0 = Debug|Any CPU
		{370FA025-2A09-4A3C-BEB8-6DFDDFA7F22C}.Release|Any CPU.ActiveCfg = Release|Any CPU
		{370FA025-2A09-4A3C-BEB8-6DFDDFA7F22C}.Release|Any CPU.Build.0 = Release|Any CPU
		{05FF44BC-59E3-48C9-99FF-90F4FCB5D2EE}.Debug|Any CPU.ActiveCfg = Debug|Any CPU
		{05FF44BC-59E3-48C9-99FF-90F4FCB5D2EE}.Debug|Any CPU.Build.0 = Debug|Any CPU
		{05FF44BC-59E3-48C9-99FF-90F4FCB5D2EE}.Release|Any CPU.ActiveCfg = Release|Any CPU
		{05FF44BC-59E3-48C9-99FF-90F4FCB5D2EE}.Release|Any CPU.Build.0 = Release|Any CPU
		{2438F80F-FAAE-4350-AB3D-01DB26E20692}.Debug|Any CPU.ActiveCfg = Debug|Any CPU
		{2438F80F-FAAE-4350-AB3D-01DB26E20692}.Debug|Any CPU.Build.0 = Debug|Any CPU
		{2438F80F-FAAE-4350-AB3D-01DB26E20692}.Release|Any CPU.ActiveCfg = Release|Any CPU
		{2438F80F-FAAE-4350-AB3D-01DB26E20692}.Release|Any CPU.Build.0 = Release|Any CPU
		{A6778784-CD5C-43A5-BFDF-2D2ACFF38901}.Debug|Any CPU.ActiveCfg = Debug|Any CPU
		{A6778784-CD5C-43A5-BFDF-2D2ACFF38901}.Release|Any CPU.ActiveCfg = Release|Any CPU
		{A6778784-CD5C-43A5-BFDF-2D2ACFF38901}.Release|Any CPU.Build.0 = Release|Any CPU
		{641E46F3-1C17-4DD9-A0A6-920FEC86F8F0}.Debug|Any CPU.ActiveCfg = Debug|Any CPU
		{641E46F3-1C17-4DD9-A0A6-920FEC86F8F0}.Release|Any CPU.ActiveCfg = Release|Any CPU
		{641E46F3-1C17-4DD9-A0A6-920FEC86F8F0}.Release|Any CPU.Build.0 = Release|Any CPU
		{65C64F3D-1C63-4B05-977C-1FE4DCFAC686}.Debug|Any CPU.ActiveCfg = Debug|Any CPU
		{65C64F3D-1C63-4B05-977C-1FE4DCFAC686}.Release|Any CPU.ActiveCfg = Release|Any CPU
		{65C64F3D-1C63-4B05-977C-1FE4DCFAC686}.Release|Any CPU.Build.0 = Release|Any CPU
		{1C9D5650-920C-4565-9336-B9CEE7EE7484}.Debug|Any CPU.ActiveCfg = Debug|Any CPU
		{1C9D5650-920C-4565-9336-B9CEE7EE7484}.Debug|Any CPU.Build.0 = Debug|Any CPU
		{1C9D5650-920C-4565-9336-B9CEE7EE7484}.Release|Any CPU.ActiveCfg = Release|Any CPU
		{1C9D5650-920C-4565-9336-B9CEE7EE7484}.Release|Any CPU.Build.0 = Release|Any CPU
		{4F3977F4-E6E0-45A3-B08E-CC1269918310}.Debug|Any CPU.ActiveCfg = Debug|Any CPU
		{4F3977F4-E6E0-45A3-B08E-CC1269918310}.Debug|Any CPU.Build.0 = Debug|Any CPU
		{4F3977F4-E6E0-45A3-B08E-CC1269918310}.Release|Any CPU.ActiveCfg = Release|Any CPU
		{4F3977F4-E6E0-45A3-B08E-CC1269918310}.Release|Any CPU.Build.0 = Release|Any CPU
		{56C80F6F-DE45-4158-B3B9-F5BC35653B3F}.Debug|Any CPU.ActiveCfg = Debug|Any CPU
		{56C80F6F-DE45-4158-B3B9-F5BC35653B3F}.Debug|Any CPU.Build.0 = Debug|Any CPU
		{56C80F6F-DE45-4158-B3B9-F5BC35653B3F}.Release|Any CPU.ActiveCfg = Release|Any CPU
		{56C80F6F-DE45-4158-B3B9-F5BC35653B3F}.Release|Any CPU.Build.0 = Release|Any CPU
		{9C11CAE5-5188-4E71-825B-68FC3135728A}.Debug|Any CPU.ActiveCfg = Debug|Any CPU
		{9C11CAE5-5188-4E71-825B-68FC3135728A}.Debug|Any CPU.Build.0 = Debug|Any CPU
		{9C11CAE5-5188-4E71-825B-68FC3135728A}.Release|Any CPU.ActiveCfg = Release|Any CPU
		{9C11CAE5-5188-4E71-825B-68FC3135728A}.Release|Any CPU.Build.0 = Release|Any CPU
		{4A421F7B-05F3-4437-A306-B5371ED5D942}.Debug|Any CPU.ActiveCfg = Debug|Any CPU
		{4A421F7B-05F3-4437-A306-B5371ED5D942}.Debug|Any CPU.Build.0 = Debug|Any CPU
		{4A421F7B-05F3-4437-A306-B5371ED5D942}.Release|Any CPU.ActiveCfg = Release|Any CPU
		{4A421F7B-05F3-4437-A306-B5371ED5D942}.Release|Any CPU.Build.0 = Release|Any CPU
		{B488BD1E-37C5-4F4C-8995-F5EE1BF25FED}.Debug|Any CPU.ActiveCfg = Debug|Any CPU
		{B488BD1E-37C5-4F4C-8995-F5EE1BF25FED}.Debug|Any CPU.Build.0 = Debug|Any CPU
		{B488BD1E-37C5-4F4C-8995-F5EE1BF25FED}.Release|Any CPU.ActiveCfg = Release|Any CPU
		{B488BD1E-37C5-4F4C-8995-F5EE1BF25FED}.Release|Any CPU.Build.0 = Release|Any CPU
		{58F4447A-FB3C-4253-A6F0-C1752FA3C047}.Debug|Any CPU.ActiveCfg = Debug|Any CPU
		{58F4447A-FB3C-4253-A6F0-C1752FA3C047}.Debug|Any CPU.Build.0 = Debug|Any CPU
		{58F4447A-FB3C-4253-A6F0-C1752FA3C047}.Release|Any CPU.ActiveCfg = Release|Any CPU
		{58F4447A-FB3C-4253-A6F0-C1752FA3C047}.Release|Any CPU.Build.0 = Release|Any CPU
		{D5FFA20F-497B-4268-BC4A-22C703EFA59A}.Debug|Any CPU.ActiveCfg = Debug|Any CPU
		{D5FFA20F-497B-4268-BC4A-22C703EFA59A}.Debug|Any CPU.Build.0 = Debug|Any CPU
		{D5FFA20F-497B-4268-BC4A-22C703EFA59A}.Release|Any CPU.ActiveCfg = Release|Any CPU
		{D5FFA20F-497B-4268-BC4A-22C703EFA59A}.Release|Any CPU.Build.0 = Release|Any CPU
		{77DBE443-4B7A-4195-83A4-7D79E42F621E}.Debug|Any CPU.ActiveCfg = Debug|Any CPU
		{77DBE443-4B7A-4195-83A4-7D79E42F621E}.Debug|Any CPU.Build.0 = Debug|Any CPU
		{77DBE443-4B7A-4195-83A4-7D79E42F621E}.Release|Any CPU.ActiveCfg = Release|Any CPU
		{77DBE443-4B7A-4195-83A4-7D79E42F621E}.Release|Any CPU.Build.0 = Release|Any CPU
		{435A1B56-27C0-4986-A14E-68A96BA52418}.Debug|Any CPU.ActiveCfg = Debug|Any CPU
		{435A1B56-27C0-4986-A14E-68A96BA52418}.Debug|Any CPU.Build.0 = Debug|Any CPU
		{435A1B56-27C0-4986-A14E-68A96BA52418}.Release|Any CPU.ActiveCfg = Release|Any CPU
		{435A1B56-27C0-4986-A14E-68A96BA52418}.Release|Any CPU.Build.0 = Release|Any CPU
		{C49F70A5-72FA-4985-91DE-9C0D37C8902D}.Debug|Any CPU.ActiveCfg = Debug|Any CPU
		{C49F70A5-72FA-4985-91DE-9C0D37C8902D}.Debug|Any CPU.Build.0 = Debug|Any CPU
		{C49F70A5-72FA-4985-91DE-9C0D37C8902D}.Release|Any CPU.ActiveCfg = Release|Any CPU
		{C49F70A5-72FA-4985-91DE-9C0D37C8902D}.Release|Any CPU.Build.0 = Release|Any CPU
		{3DC375CF-C921-44EA-BE87-4E66180BE37D}.Debug|Any CPU.ActiveCfg = Debug|Any CPU
		{3DC375CF-C921-44EA-BE87-4E66180BE37D}.Debug|Any CPU.Build.0 = Debug|Any CPU
		{3DC375CF-C921-44EA-BE87-4E66180BE37D}.Release|Any CPU.ActiveCfg = Release|Any CPU
		{3DC375CF-C921-44EA-BE87-4E66180BE37D}.Release|Any CPU.Build.0 = Release|Any CPU
		{28D7D061-7FFD-4F1A-8E36-3738BEF65ABC}.Debug|Any CPU.ActiveCfg = Debug|Any CPU
		{28D7D061-7FFD-4F1A-8E36-3738BEF65ABC}.Debug|Any CPU.Build.0 = Debug|Any CPU
		{28D7D061-7FFD-4F1A-8E36-3738BEF65ABC}.Release|Any CPU.ActiveCfg = Release|Any CPU
		{28D7D061-7FFD-4F1A-8E36-3738BEF65ABC}.Release|Any CPU.Build.0 = Release|Any CPU
		{C929C337-2DEA-48EC-A92D-E85E7E55D642}.Debug|Any CPU.ActiveCfg = Debug|Any CPU
		{C929C337-2DEA-48EC-A92D-E85E7E55D642}.Debug|Any CPU.Build.0 = Debug|Any CPU
		{C929C337-2DEA-48EC-A92D-E85E7E55D642}.Release|Any CPU.ActiveCfg = Release|Any CPU
		{C929C337-2DEA-48EC-A92D-E85E7E55D642}.Release|Any CPU.Build.0 = Release|Any CPU
		{218CBA00-4983-4884-A6EF-1D1E9BD7548E}.Debug|Any CPU.ActiveCfg = Debug|Any CPU
		{218CBA00-4983-4884-A6EF-1D1E9BD7548E}.Debug|Any CPU.Build.0 = Debug|Any CPU
		{218CBA00-4983-4884-A6EF-1D1E9BD7548E}.Release|Any CPU.ActiveCfg = Release|Any CPU
		{218CBA00-4983-4884-A6EF-1D1E9BD7548E}.Release|Any CPU.Build.0 = Release|Any CPU
	EndGlobalSection
	GlobalSection(SolutionProperties) = preSolution
		HideSolutionNode = FALSE
	EndGlobalSection
	GlobalSection(NestedProjects) = preSolution
		{4616DB1F-5101-4040-B5BF-04060E8CC384} = {9E41769C-6B6E-470A-894C-07B7F683D58B}
		{05B8D312-C663-4D4A-8950-E7FBB86FC317} = {E50BEB64-5C1E-4D3E-B395-332A0A2F1BCA}
		{144D390E-F1AF-4EE2-B932-BEB1A5D0B019} = {E50BEB64-5C1E-4D3E-B395-332A0A2F1BCA}
		{197D658F-95A1-4EE6-8E55-5C82C3718957} = {E0099B62-4C7C-45D3-81F3-4A4D5356389B}
		{CC507675-4242-4E1F-B901-B57CEED45633} = {E0099B62-4C7C-45D3-81F3-4A4D5356389B}
		{A90DF1AD-E947-4FEE-AAB6-FF96A25EFA3D} = {797FF0A2-5E7B-4BEC-B27E-C2AE7A1D3753}
		{0A14974A-B91C-4532-AEF5-CD765F353D47} = {797FF0A2-5E7B-4BEC-B27E-C2AE7A1D3753}
		{370FA025-2A09-4A3C-BEB8-6DFDDFA7F22C} = {E50BEB64-5C1E-4D3E-B395-332A0A2F1BCA}
		{05FF44BC-59E3-48C9-99FF-90F4FCB5D2EE} = {E523F3EC-6FF7-46FE-8446-6426EB50D3F6}
		{2438F80F-FAAE-4350-AB3D-01DB26E20692} = {E50BEB64-5C1E-4D3E-B395-332A0A2F1BCA}
		{A6778784-CD5C-43A5-BFDF-2D2ACFF38901} = {9E41769C-6B6E-470A-894C-07B7F683D58B}
		{641E46F3-1C17-4DD9-A0A6-920FEC86F8F0} = {9E41769C-6B6E-470A-894C-07B7F683D58B}
		{65C64F3D-1C63-4B05-977C-1FE4DCFAC686} = {9E41769C-6B6E-470A-894C-07B7F683D58B}
		{1C9D5650-920C-4565-9336-B9CEE7EE7484} = {E523F3EC-6FF7-46FE-8446-6426EB50D3F6}
		{4F3977F4-E6E0-45A3-B08E-CC1269918310} = {9E41769C-6B6E-470A-894C-07B7F683D58B}
		{56C80F6F-DE45-4158-B3B9-F5BC35653B3F} = {9E41769C-6B6E-470A-894C-07B7F683D58B}
		{9C11CAE5-5188-4E71-825B-68FC3135728A} = {6AAE8E91-1E6B-4968-8585-8E541FA3101B}
		{4A421F7B-05F3-4437-A306-B5371ED5D942} = {E523F3EC-6FF7-46FE-8446-6426EB50D3F6}
		{B488BD1E-37C5-4F4C-8995-F5EE1BF25FED} = {9E41769C-6B6E-470A-894C-07B7F683D58B}
		{58F4447A-FB3C-4253-A6F0-C1752FA3C047} = {6AAE8E91-1E6B-4968-8585-8E541FA3101B}
		{D5FFA20F-497B-4268-BC4A-22C703EFA59A} = {9E41769C-6B6E-470A-894C-07B7F683D58B}
		{77DBE443-4B7A-4195-83A4-7D79E42F621E} = {87642426-ADA6-4AE8-88BC-D60AF6B9BB08}
		{435A1B56-27C0-4986-A14E-68A96BA52418} = {87642426-ADA6-4AE8-88BC-D60AF6B9BB08}
		{C49F70A5-72FA-4985-91DE-9C0D37C8902D} = {87642426-ADA6-4AE8-88BC-D60AF6B9BB08}
		{3DC375CF-C921-44EA-BE87-4E66180BE37D} = {87642426-ADA6-4AE8-88BC-D60AF6B9BB08}
		{28D7D061-7FFD-4F1A-8E36-3738BEF65ABC} = {ABD7D263-99BE-43B2-BB10-44BD64962240}
		{C929C337-2DEA-48EC-A92D-E85E7E55D642} = {87642426-ADA6-4AE8-88BC-D60AF6B9BB08}
		{218CBA00-4983-4884-A6EF-1D1E9BD7548E} = {87642426-ADA6-4AE8-88BC-D60AF6B9BB08}
	EndGlobalSection
EndGlobal
